
Microsoft Visual Studio Solution File, Format Version 12.00
# Visual Studio Version 17
VisualStudioVersion = 17.6.33801.468
MinimumVisualStudioVersion = 10.0.40219.1
Project("{FAE04EC0-301F-11D3-BF4B-00C04F79EFBC}") = "OptionalParameters", "OptionalParameters.csproj", "{BD427777-4B51-4F3D-8FB4-265B33AE3724}"
EndProject
Global
	GlobalSection(SolutionConfigurationPlatforms) = preSolution
		Debug|Any CPU = Debug|Any CPU
		Release|Any CPU = Release|Any CPU
	EndGlobalSection
	GlobalSection(ProjectConfigurationPlatforms) = postSolution
		{BD427777-4B51-4F3D-8FB4-265B33AE3724}.Debug|Any CPU.ActiveCfg = Debug|Any CPU
		{BD427777-4B51-4F3D-8FB4-265B33AE3724}.Debug|Any CPU.Build.0 = Debug|Any CPU
		{BD427777-4B51-4F3D-8FB4-265B33AE3724}.Release|Any CPU.ActiveCfg = Release|Any CPU
		{BD427777-4B51-4F3D-8FB4-265B33AE3724}.Release|Any CPU.Build.0 = Release|Any CPU
	EndGlobalSection
	GlobalSection(SolutionProperties) = preSolution
		HideSolutionNode = FALSE
	EndGlobalSection
	GlobalSection(ExtensibilityGlobals) = postSolution
		SolutionGuid = {EB943AA9-2205-48E9-B64F-24CA53C9AF71}
	EndGlobalSection
EndGlobal
